# THIS IS AN AUTOGENERATED FILE. DO NOT EDIT THIS FILE DIRECTLY.
# yarn lockfile v1


"@blakek/curry@^2.0.2":
  "integrity" "sha512-B/KkDnZqm9Y92LwETU80BaxbQ61bYTR2GaAY41mKisaICwBoC8lcuw7lwQLl52InMhviCTJBO39GJOA8d+BrVw=="
  "resolved" "https://registry.npmjs.org/@blakek/curry/-/curry-2.0.2.tgz"
  "version" "2.0.2"

"@blakek/deep@^2.2.0":
  "integrity" "sha512-aRq/qF1yrlhCWNk2tI4epXNpo+cA8/MrxsR5oIkpKKNYtYOQKjAxRMbgnhASPx+b328MkDN+T706yFKJg8VZkQ=="
  "resolved" "https://registry.npmjs.org/@blakek/deep/-/deep-2.2.0.tgz"
  "version" "2.2.0"
  dependencies:
    "@blakek/curry" "^2.0.2"
    "pathington" "^1.1.7"

"async@^3.2.4":
  "integrity" "sha512-iAB+JbDEGXhyIUavoDl9WP/Jj106Kz9DEn1DPgYw5ruDn0e3Wgi3sKFm55sASdGBNOQB8F59d9qQ7deqrHA8wQ=="
  "resolved" "https://registry.npmjs.org/async/-/async-3.2.4.tgz"
  "version" "3.2.4"

"balanced-match@^1.0.0":
  "integrity" "sha512-3oSeUO0TMV67hN1AmbXsK4yaqU7tjiHlbxRDZOpH0KW9+CeX4bRAaX0Anxt0tx2MrpRpWwQaPwIlISEJhYU5Pw=="
  "resolved" "https://registry.npmjs.org/balanced-match/-/balanced-match-1.0.2.tgz"
  "version" "1.0.2"

"bindings@^1.5.0":
  "integrity" "sha512-p2q/t/mhvuOj/UeLlV6566GD/guowlr0hHxClI0W9m7MWYkL1F0hLo+0Aexs9HSPCtR1SXQ0TD3MMKrXZajbiQ=="
  "resolved" "https://registry.npmjs.org/bindings/-/bindings-1.5.0.tgz"
  "version" "1.5.0"
  dependencies:
    "file-uri-to-path" "1.0.0"

"brace-expansion@^1.1.7":
  "integrity" "sha512-iCuPHDFgrHX7H2vEI/5xpz07zSHB00TpugqhmYtVmMO6518mCuRMoOYFldEBl0g187ufozdaHgWKcYFb61qGiA=="
  "resolved" "https://registry.npmjs.org/brace-expansion/-/brace-expansion-1.1.11.tgz"
  "version" "1.1.11"
  dependencies:
    "balanced-match" "^1.0.0"
    "concat-map" "0.0.1"

"concat-map@0.0.1":
  "integrity" "sha512-/Srv4dswyQNBfohGpz9o6Yb3Gz3SrUDqBH5rTuhGR7ahtlbYKnVxw2bCFMRljaA7EXHaXZ8wsHdodFvbkhKmqg=="
  "resolved" "https://registry.npmjs.org/concat-map/-/concat-map-0.0.1.tgz"
  "version" "0.0.1"

"fast-xml-parser@^4.1.3":
  "integrity" "sha512-LsNDahCiCcJPe8NO7HijcnukHB24tKbfDDA5IILx9dmW3Frb52lhbeX6MPNUSvyGNfav2VTYpJ/OqkRoVLrh2Q=="
  "resolved" "https://registry.npmjs.org/fast-xml-parser/-/fast-xml-parser-4.1.3.tgz"
  "version" "4.1.3"
  dependencies:
    "strnum" "^1.0.5"

"file-uri-to-path@1.0.0":
  "integrity" "sha512-0Zt+s3L7Vf1biwWZ29aARiVYLx7iMGnEUl9x33fbB/j3jR81u/O2LbqK+Bm1CDSNDKVtJ/YjwY7TUd5SkeLQLw=="
  "resolved" "https://registry.npmjs.org/file-uri-to-path/-/file-uri-to-path-1.0.0.tgz"
  "version" "1.0.0"

"fs.realpath@^1.0.0":
  "integrity" "sha512-OO0pH2lK6a0hZnAdau5ItzHPI6pUlvI7jMVnxUQRtw4owF2wk8lOSabtGDCTP4Ggrg2MbGnWO9X8K1t4+fGMDw=="
  "resolved" "https://registry.npmjs.org/fs.realpath/-/fs.realpath-1.0.0.tgz"
  "version" "1.0.0"

"glob@^7.1.6":
  "integrity" "sha512-nFR0zLpU2YCaRxwoCJvL6UvCH2JFyFVIvwTLsIf21AuHlMskA1hhTdk+LlYJtOlYt9v6dvszD2BGRqBL+iQK9Q=="
  "resolved" "https://registry.npmjs.org/glob/-/glob-7.2.3.tgz"
  "version" "7.2.3"
  dependencies:
    "fs.realpath" "^1.0.0"
    "inflight" "^1.0.4"
    "inherits" "2"
    "minimatch" "^3.1.1"
    "once" "^1.3.0"
    "path-is-absolute" "^1.0.0"

"hoek@^4.2.1":
  "integrity" "sha512-QLg82fGkfnJ/4iy1xZ81/9SIJiq1NGFUMGs6ParyjBZr6jW2Ufj/snDqTHixNlHdPNwN2RLVD0Pi3igeK9+JfA=="
  "resolved" "https://registry.npmjs.org/hoek/-/hoek-4.2.1.tgz"
  "version" "4.2.1"

"hoek@5.x.x":
  "integrity" "sha512-Alr4ZQgoMlnere5FZJsIyfIjORBqZll5POhDsF4q64dPuJR6rNxXdDxtHSQq8OXRurhmx+PWYEE8bXRROY8h0w=="
  "resolved" "https://registry.npmjs.org/hoek/-/hoek-5.0.4.tgz"
  "version" "5.0.4"

"hoek@6.x.x":
  "integrity" "sha512-YXXAAhmF9zpQbC7LEcREFtXfGq5K1fmd+4PHkBq8NUqmzW3G+Dq10bI/i0KucLRwss3YYFQ0fSfoxBZYiGUqtQ=="
  "resolved" "https://registry.npmjs.org/hoek/-/hoek-6.1.3.tgz"
  "version" "6.1.3"

"inflight@^1.0.4":
  "integrity" "sha512-k92I/b08q4wvFscXCLvqfsHCrjrF7yiXsQuIVvVE7N82W3+aqpzuUdBbfhWcy/FZR3/4IgflMgKLOsvPDrGCJA=="
  "resolved" "https://registry.npmjs.org/inflight/-/inflight-1.0.6.tgz"
  "version" "1.0.6"
  dependencies:
    "once" "^1.3.0"
    "wrappy" "1"

"inherits@2":
  "integrity" "sha512-k/vGaX4/Yla3WzyMCvTQOXYeIHvqOKtnqBduzTHpzpQZzAskKMhZ2K+EnBiSM9zGSoIFeMpXKxa4dYeZIQqewQ=="
  "resolved" "https://registry.npmjs.org/inherits/-/inherits-2.0.4.tgz"
  "version" "2.0.4"

"isemail@3.x.x":
  "integrity" "sha512-zKqkK+O+dGqevc93KNsbZ/TqTUFd46MwWjYOoMrjIMZ51eU7DtQG3Wmd9SQQT7i7RVnuTPEiYEWHU3MSbxC1Tg=="
  "resolved" "https://registry.npmjs.org/isemail/-/isemail-3.2.0.tgz"
  "version" "3.2.0"
  dependencies:
    "punycode" "2.x.x"

"joi@^13.1.2":
  "integrity" "sha512-xuY5VkHfeOYK3Hdi91ulocfuFopwgbSORmIwzcwHKESQhC7w1kD5jaVSPnqDxS2I8t3RZ9omCKAxNwXN5zG1/Q=="
  "resolved" "https://registry.npmjs.org/joi/-/joi-13.7.0.tgz"
  "version" "13.7.0"
  dependencies:
    "hoek" "5.x.x"
    "isemail" "3.x.x"
    "topo" "3.x.x"

"minimatch@^3.1.1":
  "integrity" "sha512-J7p63hRiAjw1NDEww1W7i37+ByIrOWO5XQQAzZ3VOcL0PNybwpfmV/N05zFAzwQ9USyEcX6t3UO+K5aqBQOIHw=="
  "resolved" "https://registry.npmjs.org/minimatch/-/minimatch-3.1.2.tgz"
  "version" "3.1.2"
  dependencies:
    "brace-expansion" "^1.1.7"

"mkdirp@^1.0.4":
  "integrity" "sha512-vVqVZQyf3WLx2Shd0qJ9xuvqgAyKPLAiqITEtqW0oIUjzo3PePDd6fW9iFz30ef7Ysp/oiWqbhszeGWW2T6Gzw=="
  "resolved" "https://registry.npmjs.org/mkdirp/-/mkdirp-1.0.4.tgz"
  "version" "1.0.4"

"nan@^2.13.2":
  "integrity" "sha512-2ZTgtl0nJsO0KQCjEpxcIr5D+Yv90plTitZt9JBfQvVJDS5seMl3FOvsh3+9CoYWXf/1l5OaZzzF6nDm4cagaQ=="
  "resolved" "https://registry.npmjs.org/nan/-/nan-2.17.0.tgz"
  "version" "2.17.0"

"node-expat@^2.3.18":
  "integrity" "sha512-X8Y/Zk/izfNgfayeOeUGqze7KlaOwVJ9SDTjHUMKd0hu0aFTRpLlLCBwmx79cTPiQWD24I1YOafF+U+rTvEMfQ=="
  "resolved" "https://registry.npmjs.org/node-expat/-/node-expat-2.4.0.tgz"
  "version" "2.4.0"
  dependencies:
    "bindings" "^1.5.0"
    "nan" "^2.13.2"

"once@^1.3.0":
  "integrity" "sha512-lNaJgI+2Q5URQBkccEKHTQOPaXdUxnZZElQTZY0MFUAuaEqe1E+Nyvgdz/aIyNi6Z9MzO5dv1H8n58/GELp3+w=="
  "resolved" "https://registry.npmjs.org/once/-/once-1.4.0.tgz"
  "version" "1.4.0"
  dependencies:
    "wrappy" "1"

"p-limit@^4.0.0":
  "integrity" "sha512-5b0R4txpzjPWVw/cXXUResoD4hb6U/x9BH08L7nw+GN1sezDzPdxeRvpc9c433fZhBan/wusjbCsqwqm4EIBIQ=="
  "resolved" "https://registry.npmjs.org/p-limit/-/p-limit-4.0.0.tgz"
  "version" "4.0.0"
  dependencies:
    "yocto-queue" "^1.0.0"

"path-is-absolute@^1.0.0":
  "integrity" "sha512-AVbw3UJ2e9bq64vSaS9Am0fje1Pa8pbGqTTsmXfaIiMpnr5DlDhfJOuLj9Sf95ZPVDAUerDfEk88MPmPe7UCQg=="
  "resolved" "https://registry.npmjs.org/path-is-absolute/-/path-is-absolute-1.0.1.tgz"
  "version" "1.0.1"

"pathington@^1.1.7":
  "integrity" "sha512-JxzhUzagDfNIOm4qqwQqP3rWeo7rNNOfIahy4n+3GTEdwXLqw5cJHUR0soSopQtNEv763lzxb6eA2xBllpR8zw=="
  "resolved" "https://registry.npmjs.org/pathington/-/pathington-1.1.7.tgz"
  "version" "1.1.7"

"punycode@2.x.x":
  "integrity" "sha512-rRV+zQD8tVFys26lAGR9WUuS4iUAngJScM+ZRSKtvl5tKeZ2t5bvdNFdNHBW9FWR4guGHlgmsZ1G7BSm2wTbuA=="
  "resolved" "https://registry.npmjs.org/punycode/-/punycode-2.3.0.tgz"
  "version" "2.3.0"

"strnum@^1.0.5":
  "integrity" "sha512-J8bbNyKKXl5qYcR36TIO8W3mVGVHrmmxsd5PAItGkmyzwJvybiw2IVq5nqd0i4LSNSkB/sx9VHllbfFdr9k1JA=="
  "resolved" "https://registry.npmjs.org/strnum/-/strnum-1.0.5.tgz"
  "version" "1.0.5"

"template-file@^6.0.1":
  "integrity" "sha512-02hOa1psJUOsahWfx8w3p40CCulA2/InNFFPh5xLq5rUUm2XTzvmtOn/SXV+KZaq7ylG58SYSnT4yW3y/Smn4w=="
  "resolved" "https://registry.npmjs.org/template-file/-/template-file-6.0.1.tgz"
  "version" "6.0.1"
  dependencies:
    "@blakek/deep" "^2.2.0"
    "glob" "^7.1.6"
    "mkdirp" "^1.0.4"
    "p-limit" "^4.0.0"

"topo@3.x.x":
  "integrity" "sha512-IgpPtvD4kjrJ7CRA3ov2FhWQADwv+Tdqbsf1ZnPUSAtCJ9e1Z44MmoSGDXGk4IppoZA7jd/QRkNddlLJWlUZsQ=="
  "resolved" "https://registry.npmjs.org/topo/-/topo-3.0.3.tgz"
  "version" "3.0.3"
  dependencies:
    "hoek" "6.x.x"

"wrappy@1":
  "integrity" "sha512-l4Sp/DRseor9wL6EvV2+TuQn63dMkPjZ/sp9XkghTEbV9KlPS1xUsZ3u7/IQO4wxtcFB4bgpQPRcR3QCvezPcQ=="
  "resolved" "https://registry.npmjs.org/wrappy/-/wrappy-1.0.2.tgz"
  "version" "1.0.2"

"xml2json@^0.12.0":
  "integrity" "sha512-EPJHRWJnJUYbJlzR4pBhZODwWdi2IaYGtDdteJi0JpZ4OD31IplWALuit8r73dJuM4iHZdDVKY1tLqY2UICejg=="
  "resolved" "https://registry.npmjs.org/xml2json/-/xml2json-0.12.0.tgz"
  "version" "0.12.0"
  dependencies:
    "hoek" "^4.2.1"
    "joi" "^13.1.2"
    "node-expat" "^2.3.18"

"yocto-queue@^1.0.0":
  "integrity" "sha512-9bnSc/HEW2uRy67wc+T8UwauLuPJVn28jb+GtJY16iiKWyvmYJRXVT4UamsAEGQfPohgr2q4Tq0sQbQlxTfi1g=="
  "resolved" "https://registry.npmjs.org/yocto-queue/-/yocto-queue-1.0.0.tgz"
  "version" "1.0.0"
